
Microsoft Visual Studio Solution File, Format Version 12.00
# Visual Studio Version 16
VisualStudioVersion = 16.0.31129.286
MinimumVisualStudioVersion = 10.0.40219.1
Project("{FAE04EC0-301F-11D3-BF4B-00C04F79EFBC}") = "TRG", "TRG\TRG.csproj", "{9E09FA50-3323-4CC5-A997-41E4FC6168F5}"
EndProject
Global
	GlobalSection(SolutionConfigurationPlatforms) = preSolution
		Debug|Any CPU = Debug|Any CPU
		Release|Any CPU = Release|Any CPU
	EndGlobalSection
	GlobalSection(ProjectConfigurationPlatforms) = postSolution
		{9E09FA50-3323-4CC5-A997-41E4FC6168F5}.Debug|Any CPU.ActiveCfg = Debug|Any CPU
		{9E09FA50-3323-4CC5-A997-41E4FC6168F5}.Debug|Any CPU.Build.0 = Debug|Any CPU
		{9E09FA50-3323-4CC5-A997-41E4FC6168F5}.Release|Any CPU.ActiveCfg = Release|Any CPU
		{9E09FA50-3323-4CC5-A997-41E4FC6168F5}.Release|Any CPU.Build.0 = Release|Any CPU
	EndGlobalSection
	GlobalSection(SolutionProperties) = preSolution
		HideSolutionNode = FALSE
	EndGlobalSection
	GlobalSection(ExtensibilityGlobals) = postSolution
		SolutionGuid = {17315F33-2731-46A4-BDA2-2150F441EA10}
	EndGlobalSection
EndGlobal
